
Microsoft Visual Studio Solution File, Format Version 12.00
# Visual Studio Version 17
VisualStudioVersion = 17.3.32901.215
MinimumVisualStudioVersion = 10.0.40219.1
Project("{FAE04EC0-301F-11D3-BF4B-00C04F79EFBC}") = "ManipularArquivos", "ManipularArquivos\ManipularArquivos.csproj", "{68139993-3E5D-49DE-A56F-D7E1FACE71B4}"
EndProject
Global
	GlobalSection(SolutionConfigurationPlatforms) = preSolution
		Debug|Any CPU = Debug|Any CPU
		Release|Any CPU = Release|Any CPU
	EndGlobalSection
	GlobalSection(ProjectConfigurationPlatforms) = postSolution
		{68139993-3E5D-49DE-A56F-D7E1FACE71B4}.Debug|Any CPU.ActiveCfg = Debug|Any CPU
		{68139993-3E5D-49DE-A56F-D7E1FACE71B4}.Debug|Any CPU.Build.0 = Debug|Any CPU
		{68139993-3E5D-49DE-A56F-D7E1FACE71B4}.Release|Any CPU.ActiveCfg = Release|Any CPU
		{68139993-3E5D-49DE-A56F-D7E1FACE71B4}.Release|Any CPU.Build.0 = Release|Any CPU
	EndGlobalSection
	GlobalSection(SolutionProperties) = preSolution
		HideSolutionNode = FALSE
	EndGlobalSection
	GlobalSection(ExtensibilityGlobals) = postSolution
		SolutionGuid = {7DA8A77E-E9E5-46C8-8632-2A0BBEF56E08}
	EndGlobalSection
EndGlobal
